{
  "version": 4,
  "terraform_version": "1.3.2",
  "serial": 37,
  "lineage": "85426d80-558d-be5a-d32f-2a74d97c189a",
  "outputs": {
    "key_data": {
      "value": "ssh-rsa AAAAB3NzaC1yc2EAAAADAQABAAABgQDZsx2lQAOMxFy+hXiqsuD/LjoLfnVGxCdADukbJteHAntAnVVvpSAE21uEqLQ5ppvrTQWaXdySdM5q6E0UrnyoJtIsY46mAQWtZyCXrR6UcIvqRRFS2Q/EKilfHiacf0Kw7KTDKdGVnfyuVWVSAp93zesaGQXX0DAOonFTNgoG8OWwBQWBIXZPUzkaFkZy/9X7kPrivgMyp8rm1bIO6Mjl9pd4UbNXkt75oSo0+5Jpm+P4k/B2BUw3Kjtm2GOif5S34QOft7Iy40/O0Qqs9hFPHKV0cIMbQbnYajJE2saJZbz+hza/rFjAoj+AUOlPIzydA5t/0/feG6e/3Bf4M01bvjs2M/0is6N9HFKkWijKoz22c/0RgAPQedJfpltTTiNl2GqgIG/BoytoOnpy7lVltzHtRzWSKWpVbxjhx3OTEy5iJqbW0+KEF3bEIGCLmepKU33r2mRaP/ZWy+EC6x/d8OY+Rdu22dZCjdUg85HANEBl1ip7vb+Eep7prQTfR/U= generated-by-azure",
      "type": "string"
    },
    "resource_group_name": {
      "value": "rg-fast-spider",
      "type": "string"
    }
  },
  "resources": [
    {
      "mode": "managed",
      "type": "azapi_resource",
      "name": "ssh_public_key",
      "provider": "provider[\"registry.terraform.io/azure/azapi\"]",
      "instances": [
        {
          "schema_version": 0,
          "attributes": {
            "body": "{}",
            "id": "/subscriptions/722d9905-ce54-431f-97d0-5186bb3bdf76/resourceGroups/rg-fast-spider/providers/Microsoft.Compute/sshPublicKeys/sshexcitedstarfish",
            "identity": [],
            "ignore_casing": false,
            "ignore_missing_property": true,
            "location": "eastus",
            "locks": null,
            "name": "sshexcitedstarfish",
            "output": "{}",
            "parent_id": "/subscriptions/722d9905-ce54-431f-97d0-5186bb3bdf76/resourceGroups/rg-fast-spider",
            "removing_special_chars": false,
            "response_export_values": null,
            "schema_validation_enabled": true,
            "tags": {},
            "timeouts": null,
            "type": "Microsoft.Compute/sshPublicKeys@2022-11-01"
          },
          "sensitive_attributes": [],
          "private": "eyJlMmJmYjczMC1lY2FhLTExZTYtOGY4OC0zNDM2M2JjN2M0YzAiOnsiY3JlYXRlIjoxODAwMDAwMDAwMDAwLCJkZWxldGUiOjE4MDAwMDAwMDAwMDAsInJlYWQiOjMwMDAwMDAwMDAwMCwidXBkYXRlIjoxODAwMDAwMDAwMDAwfX0=",
          "dependencies": [
            "azurerm_resource_group.rg",
            "random_pet.rg_name",
            "random_pet.ssh_key_name"
          ]
        }
      ]
    },
    {
      "mode": "managed",
      "type": "azapi_resource_action",
      "name": "ssh_public_key_gen",
      "provider": "provider[\"registry.terraform.io/azure/azapi\"]",
      "instances": [
        {
          "schema_version": 0,
          "attributes": {
            "action": "generateKeyPair",
            "body": null,
            "id": "/subscriptions/722d9905-ce54-431f-97d0-5186bb3bdf76/resourceGroups/rg-fast-spider/providers/Microsoft.Compute/sshPublicKeys/sshexcitedstarfish/generateKeyPair",
            "locks": null,
            "method": "POST",
            "output": "{\"privateKey\":\"-----BEGIN RSA PRIVATE KEY-----\\r\\nMIIG5QIBAAKCAYEA2bMdpUADjMRcvoV4qrLg/y46C351RsQnQA7pGybXhwJ7QJ1V\\r\\nb6UgBNtbhKi0Oaab600Fml3cknTOauhNFK58qCbSLGOOpgEFrWcgl60elHCL6kUR\\r\\nUtkPxCopXx4mnH9CsOykwynRlZ38rlVlUgKfd83rGhkF19AwDqJxUzYKBvDlsAUF\\r\\ngSF2T1M5GhZGcv/V+5D64r4DMqfK5tWyDujI5faXeFGzV5Le+aEqNPuSaZvj+JPw\\r\\ndgVMNyo7Zthjon+Ut+EDn7eyMuNPztEKrPYRTxyldHCDG0G52GoyRNrGiWW8/oc2\\r\\nv6xYwKI/gFDpTyM8nQObf9P33hunv9wX+DNNW747NjP9IrOjfRxSpFooyqM9tnP9\\r\\nEYAD0HnSX6ZbU04jZdhqoCBvwaMraDp6cu5VZbcx7Uc1kilqVW8Y4cdzkxMuYiam\\r\\n1tPihBd2xCBgi5nqSlN969pkWj/2VsvhAusf3fDmPkXbttnWQo3VIPORwDRAZdYq\\r\\ne72/hHqe6a0E30f1AgMBAAECggGBAIp2PO3EyD05C0/2LmhLe4VyDmMPHGJVEi3R\\r\\nDfxB+SUas+/F4fgviyzro8q9Tlu4l0TSaTTkbA0Ok9c1RwlXbVu5zUWEUM9OqSDA\\r\\nDd/KsT9yUds/8KPEAR4gPs4LrD0vR+ilqqmiqHXD1VnAYMAHgQu/AcBImAnKlTZJ\\r\\npVBqd3gwsbYBi520/b24TgJElqxAAgaOELQ0bG5EgG3PDwAimNyCuZZCSJHzjTQy\\r\\niFjIhTf8ecO5vGAkQHR5vOxNxxkskOqul6tZGMH5C4K00SukFidaltYqZ4y7Wv7f\\r\\nrUFgiseSgRAL3FEThvajrbLD+fZ0XwVdlMUJH0Vn75UfYtfWGegZsHAkktHFL2Y1\\r\\nJcDIEHMPEnUXVVpz/zN3UA7LXz4QW+X828NT0rRlMoLAuiqMb8Rygg3y6XKK2VL7\\r\\nURaJIWfGRbcUSRgJbSVH4DQwqqTuu/PCWts6NB9VxuoG9YkoqI2d+p+iPQ04x4Ge\\r\\nsEV2pubTxVFUIY12QfrrduezVzoA5QKBwQDgYhyvCEkqhfFcReTYHZOgeKV7D9cz\\r\\nkWYSvJbYefdDKu5UWoh5idZx2jeZIXAGmFrDjC9v/vcJRUPX+LIVFrB2H6A5plDW\\r\\nHVKuDLkj71BsA0YtBKObGtfCzvyc4SDQ01pnedt4t6LyvjOo5XSEf+H+S6cQ1J6t\\r\\new7CDOMreG2KCpE2CZ/+3rPElLS/bTmkPjN4l0Yror9lexyAGb5zJ04DV137D+Tj\\r\\nyrzbr3bfWA79InGFxaQTDluDdtu4MccEZlcCgcEA+F/qZfRGeso5xwswPqhXlUu8\\r\\n5z8Eb2y45fK2JrcfZZfUgIQ+z4LKX0YULvuPgEHJyD3kmvCVUD08yJQg8LWoJBaS\\r\\nbRqqcszVYo3XHVFYCL5oW14/oEjsQgC40iu/+3P5biRG6lcFGcX3MFYBnkervEIj\\r\\njPN340Kz2yNYE0Q4i1kSa1dQxisiqDcwUiodmgiFVVwlr1JL9g2b3XPOgcw5JDpf\\r\\neoXX+O9qmn/ysQXGyhqL9LKSWcZFgPQghquAsRyTAoHAN8Jp2l02wWhzqDh+O+5t\\r\\npy0UAlbXZas2MGXJHpaAiaJ7g17UF0/XiIdv1Y/npNvrgjit+Sjk/trFlz/oETGI\\r\\nPHJzgKAB6pNy3mmvAG0SESVnJPzII10yTOjfAaU4YGyFRL2VepQ33BbEA66xm9Oj\\r\\nt2vZYmdT30x7SGGnej/9CJbDqygNKGrzRWCm4gMkldoXNFpzR5iz82X6mSLMnxUf\\r\\nX9kwM5mpianx8K3T3oCliOYsS8/njAy/VRYOV+GW0VMVAoHBALCrwVaeSFflau27\\r\\ndqjLI+mNgyRWPfhoNKlUWN73GT0xn7V+3BLNLNhSR98Xj36izT5DUE4p3XvC426l\\r\\ndzzhamWpLKSw+BdKvmopDJ/NEbq+fgqn4shHts5IJy9QcXISj5UZ9tuP5I/tsiPO\\r\\nub31qyHxRcpoEJo2AytYW7jwqOvuAt0ZsdoUKsXO4+8+B+peL0GFl0S7XE78ZSdD\\r\\nzdukAe1UHEBR3kszOfgGFQJ4Ymu2MGFxeAqlryDIBi7k5ViWQwKBwQCNSeRgJAOf\\r\\nhWzW1xkx0bCLp7fue5FhdEP/g59l9f3Ie8hYiBRZ9cFDdJZfXTEHNe6ZSg3HGHE6\\r\\nKaNdXxSXaB26NHAabvybNC50Y+nbiCPBfmQEwju4sIDIGewRZRfe9DnTpi+qrZX5\\r\\nvc+Z4JQ8U8LUu+ZmthlMs41b9eqYiLbuul1zOhbbFdUPgWD9eINghpcr8bWS7AYd\\r\\n8imuwWnp+B0yK6xPdOwYtGiMxBN9ngyY+heVPv0eTdoJqTU0pdIR3qs=\\r\\n-----END RSA PRIVATE KEY-----\\r\\n\",\"publicKey\":\"ssh-rsa AAAAB3NzaC1yc2EAAAADAQABAAABgQDZsx2lQAOMxFy+hXiqsuD/LjoLfnVGxCdADukbJteHAntAnVVvpSAE21uEqLQ5ppvrTQWaXdySdM5q6E0UrnyoJtIsY46mAQWtZyCXrR6UcIvqRRFS2Q/EKilfHiacf0Kw7KTDKdGVnfyuVWVSAp93zesaGQXX0DAOonFTNgoG8OWwBQWBIXZPUzkaFkZy/9X7kPrivgMyp8rm1bIO6Mjl9pd4UbNXkt75oSo0+5Jpm+P4k/B2BUw3Kjtm2GOif5S34QOft7Iy40/O0Qqs9hFPHKV0cIMbQbnYajJE2saJZbz+hza/rFjAoj+AUOlPIzydA5t/0/feG6e/3Bf4M01bvjs2M/0is6N9HFKkWijKoz22c/0RgAPQedJfpltTTiNl2GqgIG/BoytoOnpy7lVltzHtRzWSKWpVbxjhx3OTEy5iJqbW0+KEF3bEIGCLmepKU33r2mRaP/ZWy+EC6x/d8OY+Rdu22dZCjdUg85HANEBl1ip7vb+Eep7prQTfR/U= generated-by-azure\"}",
            "resource_id": "/subscriptions/722d9905-ce54-431f-97d0-5186bb3bdf76/resourceGroups/rg-fast-spider/providers/Microsoft.Compute/sshPublicKeys/sshexcitedstarfish",
            "response_export_values": [
              "publicKey",
              "privateKey"
            ],
            "timeouts": null,
            "type": "Microsoft.Compute/sshPublicKeys@2022-11-01"
          },
          "sensitive_attributes": [],
          "private": "eyJlMmJmYjczMC1lY2FhLTExZTYtOGY4OC0zNDM2M2JjN2M0YzAiOnsiY3JlYXRlIjoxODAwMDAwMDAwMDAwLCJkZWxldGUiOjE4MDAwMDAwMDAwMDAsInJlYWQiOjMwMDAwMDAwMDAwMCwidXBkYXRlIjoxODAwMDAwMDAwMDAwfX0=",
          "dependencies": [
            "azapi_resource.ssh_public_key",
            "azurerm_resource_group.rg",
            "random_pet.rg_name",
            "random_pet.ssh_key_name"
          ]
        }
      ]
    },
    {
      "mode": "managed",
      "type": "azurerm_network_interface",
      "name": "my_terraform_nic",
      "provider": "provider[\"registry.terraform.io/hashicorp/azurerm\"]",
      "instances": [
        {
          "schema_version": 0,
          "attributes": {
            "applied_dns_servers": [],
            "dns_servers": [],
            "enable_accelerated_networking": false,
            "enable_ip_forwarding": false,
            "id": "/subscriptions/722d9905-ce54-431f-97d0-5186bb3bdf76/resourceGroups/rg-fast-spider/providers/Microsoft.Network/networkInterfaces/myNIC",
            "internal_dns_name_label": "",
            "internal_domain_name_suffix": "j3vhzmkacs3ebbadryeles4dtg.bx.internal.cloudapp.net",
            "ip_configuration": [
              {
                "gateway_load_balancer_frontend_ip_configuration_id": "",
                "name": "my_nic_configuration",
                "primary": true,
                "private_ip_address": "10.0.1.4",
                "private_ip_address_allocation": "Dynamic",
                "private_ip_address_version": "IPv4",
                "public_ip_address_id": "/subscriptions/722d9905-ce54-431f-97d0-5186bb3bdf76/resourceGroups/rg-fast-spider/providers/Microsoft.Network/publicIPAddresses/myPublicIP",
                "subnet_id": "/subscriptions/722d9905-ce54-431f-97d0-5186bb3bdf76/resourceGroups/rg-fast-spider/providers/Microsoft.Network/virtualNetworks/myVnet/subnets/mySubnet1"
              }
            ],
            "location": "eastus",
            "mac_address": "",
            "name": "myNIC",
            "private_ip_address": "10.0.1.4",
            "private_ip_addresses": [
              "10.0.1.4"
            ],
            "resource_group_name": "rg-fast-spider",
            "tags": {},
            "timeouts": null,
            "virtual_machine_id": ""
          },
          "sensitive_attributes": [],
          "private": "eyJlMmJmYjczMC1lY2FhLTExZTYtOGY4OC0zNDM2M2JjN2M0YzAiOnsiY3JlYXRlIjoxODAwMDAwMDAwMDAwLCJkZWxldGUiOjE4MDAwMDAwMDAwMDAsInJlYWQiOjMwMDAwMDAwMDAwMCwidXBkYXRlIjoxODAwMDAwMDAwMDAwfX0=",
          "dependencies": [
            "azurerm_public_ip.my_terraform_public_ip",
            "azurerm_resource_group.rg",
            "azurerm_subnet.my_terraform_subnet1",
            "azurerm_virtual_network.my_terraform_network",
            "random_pet.rg_name"
          ]
        }
      ]
    },
    {
      "mode": "managed",
      "type": "azurerm_private_dns_a_record",
      "name": "dns_a",
      "provider": "provider[\"registry.terraform.io/hashicorp/azurerm\"]",
      "instances": [
        {
          "schema_version": 0,
          "attributes": {
            "fqdn": "my_dns.privatelink.blob.core.windows.net.",
            "id": "/subscriptions/722d9905-ce54-431f-97d0-5186bb3bdf76/resourceGroups/rg-fast-spider/providers/Microsoft.Network/privateDnsZones/privatelink.blob.core.windows.net/A/my_dns",
            "name": "my_dns",
            "records": [
              "10.0.2.4"
            ],
            "resource_group_name": "rg-fast-spider",
            "tags": null,
            "timeouts": null,
            "ttl": 300,
            "zone_name": "privatelink.blob.core.windows.net"
          },
          "sensitive_attributes": [],
          "private": "eyJlMmJmYjczMC1lY2FhLTExZTYtOGY4OC0zNDM2M2JjN2M0YzAiOnsiY3JlYXRlIjoxODAwMDAwMDAwMDAwLCJkZWxldGUiOjE4MDAwMDAwMDAwMDAsInJlYWQiOjMwMDAwMDAwMDAwMCwidXBkYXRlIjoxODAwMDAwMDAwMDAwfX0=",
          "dependencies": [
            "azurerm_private_dns_zone.my_prdns",
            "azurerm_private_endpoint.endpoint",
            "azurerm_resource_group.rg",
            "azurerm_storage_account.my_storage_account",
            "azurerm_subnet.my_terraform_subnet2",
            "azurerm_virtual_network.my_terraform_network",
            "random_pet.rg_name"
          ]
        }
      ]
    },
    {
      "mode": "managed",
      "type": "azurerm_private_dns_zone",
      "name": "my_prdns",
      "provider": "provider[\"registry.terraform.io/hashicorp/azurerm\"]",
      "instances": [
        {
          "schema_version": 0,
          "attributes": {
            "id": "/subscriptions/722d9905-ce54-431f-97d0-5186bb3bdf76/resourceGroups/rg-fast-spider/providers/Microsoft.Network/privateDnsZones/privatelink.blob.core.windows.net",
            "max_number_of_record_sets": 25000,
            "max_number_of_virtual_network_links": 1000,
            "max_number_of_virtual_network_links_with_registration": 100,
            "name": "privatelink.blob.core.windows.net",
            "number_of_record_sets": 1,
            "resource_group_name": "rg-fast-spider",
            "soa_record": [
              {
                "email": "azureprivatedns-host.microsoft.com",
                "expire_time": 2419200,
                "fqdn": "privatelink.blob.core.windows.net.",
                "host_name": "azureprivatedns.net",
                "minimum_ttl": 10,
                "refresh_time": 3600,
                "retry_time": 300,
                "serial_number": 1,
                "tags": {},
                "ttl": 3600
              }
            ],
            "tags": {},
            "timeouts": null
          },
          "sensitive_attributes": [],
          "private": "eyJlMmJmYjczMC1lY2FhLTExZTYtOGY4OC0zNDM2M2JjN2M0YzAiOnsiY3JlYXRlIjoxODAwMDAwMDAwMDAwLCJkZWxldGUiOjE4MDAwMDAwMDAwMDAsInJlYWQiOjMwMDAwMDAwMDAwMCwidXBkYXRlIjoxODAwMDAwMDAwMDAwfX0=",
          "dependencies": [
            "azurerm_resource_group.rg",
            "random_pet.rg_name"
          ]
        }
      ]
    },
    {
      "mode": "managed",
      "type": "azurerm_private_dns_zone_virtual_network_link",
      "name": "network_link",
      "provider": "provider[\"registry.terraform.io/hashicorp/azurerm\"]",
      "instances": [
        {
          "schema_version": 0,
          "attributes": {
            "id": "/subscriptions/722d9905-ce54-431f-97d0-5186bb3bdf76/resourceGroups/rg-fast-spider/providers/Microsoft.Network/privateDnsZones/privatelink.blob.core.windows.net/virtualNetworkLinks/vnet_link",
            "name": "vnet_link",
            "private_dns_zone_name": "privatelink.blob.core.windows.net",
            "registration_enabled": false,
            "resource_group_name": "rg-fast-spider",
            "tags": {},
            "timeouts": null,
            "virtual_network_id": "/subscriptions/722d9905-ce54-431f-97d0-5186bb3bdf76/resourceGroups/rg-fast-spider/providers/Microsoft.Network/virtualNetworks/myVnet"
          },
          "sensitive_attributes": [],
          "private": "eyJlMmJmYjczMC1lY2FhLTExZTYtOGY4OC0zNDM2M2JjN2M0YzAiOnsiY3JlYXRlIjoxODAwMDAwMDAwMDAwLCJkZWxldGUiOjE4MDAwMDAwMDAwMDAsInJlYWQiOjMwMDAwMDAwMDAwMCwidXBkYXRlIjoxODAwMDAwMDAwMDAwfX0=",
          "dependencies": [
            "azurerm_private_dns_zone.my_prdns",
            "azurerm_resource_group.rg",
            "azurerm_virtual_network.my_terraform_network",
            "random_pet.rg_name"
          ]
        }
      ]
    },
    {
      "mode": "managed",
      "type": "azurerm_private_endpoint",
      "name": "endpoint",
      "provider": "provider[\"registry.terraform.io/hashicorp/azurerm\"]",
      "instances": [
        {
          "schema_version": 0,
          "attributes": {
            "custom_dns_configs": [
              {
                "fqdn": "staccvm2.blob.core.windows.net",
                "ip_addresses": [
                  "10.0.2.4"
                ]
              }
            ],
            "id": "/subscriptions/722d9905-ce54-431f-97d0-5186bb3bdf76/resourceGroups/rg-fast-spider/providers/Microsoft.Network/privateEndpoints/my_pe",
            "location": "eastus",
            "name": "my_pe",
            "network_interface": [
              {
                "id": "/subscriptions/722d9905-ce54-431f-97d0-5186bb3bdf76/resourceGroups/rg-fast-spider/providers/Microsoft.Network/networkInterfaces/my_pe.nic.36cc7c63-8d7f-4a9e-8c8b-ae96e1da1269",
                "name": "my_pe.nic.36cc7c63-8d7f-4a9e-8c8b-ae96e1da1269"
              }
            ],
            "private_dns_zone_configs": [],
            "private_dns_zone_group": [],
            "private_service_connection": [
              {
                "is_manual_connection": false,
                "name": "pe_conn",
                "private_connection_resource_alias": "",
                "private_connection_resource_id": "/subscriptions/722d9905-ce54-431f-97d0-5186bb3bdf76/resourceGroups/rg-fast-spider/providers/Microsoft.Storage/storageAccounts/staccvm2",
                "private_ip_address": "10.0.2.4",
                "request_message": "",
                "subresource_names": [
                  "blob"
                ]
              }
            ],
            "resource_group_name": "rg-fast-spider",
            "subnet_id": "/subscriptions/722d9905-ce54-431f-97d0-5186bb3bdf76/resourceGroups/rg-fast-spider/providers/Microsoft.Network/virtualNetworks/myVnet/subnets/mySubnet2",
            "tags": null,
            "timeouts": null
          },
          "sensitive_attributes": [],
          "private": "eyJlMmJmYjczMC1lY2FhLTExZTYtOGY4OC0zNDM2M2JjN2M0YzAiOnsiY3JlYXRlIjozNjAwMDAwMDAwMDAwLCJkZWxldGUiOjM2MDAwMDAwMDAwMDAsInJlYWQiOjMwMDAwMDAwMDAwMCwidXBkYXRlIjozNjAwMDAwMDAwMDAwfX0=",
          "dependencies": [
            "azurerm_resource_group.rg",
            "azurerm_storage_account.my_storage_account",
            "azurerm_subnet.my_terraform_subnet2",
            "azurerm_virtual_network.my_terraform_network",
            "random_pet.rg_name"
          ]
        }
      ]
    },
    {
      "mode": "managed",
      "type": "azurerm_public_ip",
      "name": "my_terraform_public_ip",
      "provider": "provider[\"registry.terraform.io/hashicorp/azurerm\"]",
      "instances": [
        {
          "schema_version": 0,
          "attributes": {
            "allocation_method": "Dynamic",
            "availability_zone": "No-Zone",
            "domain_name_label": null,
            "fqdn": null,
            "id": "/subscriptions/722d9905-ce54-431f-97d0-5186bb3bdf76/resourceGroups/rg-fast-spider/providers/Microsoft.Network/publicIPAddresses/myPublicIP",
            "idle_timeout_in_minutes": 4,
            "ip_address": "",
            "ip_tags": {},
            "ip_version": "IPv4",
            "location": "eastus",
            "name": "myPublicIP",
            "public_ip_prefix_id": null,
            "resource_group_name": "rg-fast-spider",
            "reverse_fqdn": null,
            "sku": "Basic",
            "sku_tier": "Regional",
            "tags": {},
            "timeouts": null,
            "zones": []
          },
          "sensitive_attributes": [],
          "private": "eyJlMmJmYjczMC1lY2FhLTExZTYtOGY4OC0zNDM2M2JjN2M0YzAiOnsiY3JlYXRlIjoxODAwMDAwMDAwMDAwLCJkZWxldGUiOjE4MDAwMDAwMDAwMDAsInJlYWQiOjMwMDAwMDAwMDAwMCwidXBkYXRlIjoxODAwMDAwMDAwMDAwfX0=",
          "dependencies": [
            "azurerm_resource_group.rg",
            "random_pet.rg_name"
          ]
        }
      ]
    },
    {
      "mode": "managed",
      "type": "azurerm_resource_group",
      "name": "rg",
      "provider": "provider[\"registry.terraform.io/hashicorp/azurerm\"]",
      "instances": [
        {
          "schema_version": 0,
          "attributes": {
            "id": "/subscriptions/722d9905-ce54-431f-97d0-5186bb3bdf76/resourceGroups/rg-fast-spider",
            "location": "eastus",
            "name": "rg-fast-spider",
            "tags": {},
            "timeouts": null
          },
          "sensitive_attributes": [],
          "private": "eyJlMmJmYjczMC1lY2FhLTExZTYtOGY4OC0zNDM2M2JjN2M0YzAiOnsiY3JlYXRlIjo1NDAwMDAwMDAwMDAwLCJkZWxldGUiOjU0MDAwMDAwMDAwMDAsInJlYWQiOjMwMDAwMDAwMDAwMCwidXBkYXRlIjo1NDAwMDAwMDAwMDAwfX0=",
          "dependencies": [
            "random_pet.rg_name"
          ]
        }
      ]
    },
    {
      "mode": "managed",
      "type": "azurerm_storage_account",
      "name": "my_storage_account",
      "provider": "provider[\"registry.terraform.io/hashicorp/azurerm\"]",
      "instances": [
        {
          "schema_version": 2,
          "attributes": {
            "access_tier": "Hot",
            "account_kind": "StorageV2",
            "account_replication_type": "GRS",
            "account_tier": "Standard",
            "allow_blob_public_access": false,
            "azure_files_authentication": [],
            "blob_properties": [
              {
                "change_feed_enabled": false,
                "container_delete_retention_policy": [],
                "cors_rule": [],
                "default_service_version": "",
                "delete_retention_policy": [],
                "last_access_time_enabled": false,
                "versioning_enabled": false
              }
            ],
            "custom_domain": [],
            "customer_managed_key": [],
            "enable_https_traffic_only": true,
            "id": "/subscriptions/722d9905-ce54-431f-97d0-5186bb3bdf76/resourceGroups/rg-fast-spider/providers/Microsoft.Storage/storageAccounts/staccvm2",
            "identity": [],
            "infrastructure_encryption_enabled": false,
            "is_hns_enabled": false,
            "large_file_share_enabled": null,
            "location": "eastus",
            "min_tls_version": "TLS1_0",
            "name": "staccvm2",
            "network_rules": [
              {
                "bypass": [
                  "AzureServices"
                ],
                "default_action": "Allow",
                "ip_rules": [],
                "private_link_access": [],
                "virtual_network_subnet_ids": []
              }
            ],
            "nfsv3_enabled": false,
            "primary_access_key": "ZKA4QFIR6BRIq9xqYId/A1Jmp5V+wqWSubZGLDSU2L1OoThggRbjw+aJtnqz4Ado+xoMdTpzPKQM+AStBFPGbw==",
            "primary_blob_connection_string": "DefaultEndpointsProtocol=https;BlobEndpoint=https://staccvm2.blob.core.windows.net/;AccountName=staccvm2;AccountKey=ZKA4QFIR6BRIq9xqYId/A1Jmp5V+wqWSubZGLDSU2L1OoThggRbjw+aJtnqz4Ado+xoMdTpzPKQM+AStBFPGbw==",
            "primary_blob_endpoint": "https://staccvm2.blob.core.windows.net/",
            "primary_blob_host": "staccvm2.blob.core.windows.net",
            "primary_connection_string": "DefaultEndpointsProtocol=https;AccountName=staccvm2;AccountKey=ZKA4QFIR6BRIq9xqYId/A1Jmp5V+wqWSubZGLDSU2L1OoThggRbjw+aJtnqz4Ado+xoMdTpzPKQM+AStBFPGbw==;EndpointSuffix=core.windows.net",
            "primary_dfs_endpoint": "https://staccvm2.dfs.core.windows.net/",
            "primary_dfs_host": "staccvm2.dfs.core.windows.net",
            "primary_file_endpoint": "https://staccvm2.file.core.windows.net/",
            "primary_file_host": "staccvm2.file.core.windows.net",
            "primary_location": "eastus",
            "primary_queue_endpoint": "https://staccvm2.queue.core.windows.net/",
            "primary_queue_host": "staccvm2.queue.core.windows.net",
            "primary_table_endpoint": "https://staccvm2.table.core.windows.net/",
            "primary_table_host": "staccvm2.table.core.windows.net",
            "primary_web_endpoint": "https://staccvm2.z13.web.core.windows.net/",
            "primary_web_host": "staccvm2.z13.web.core.windows.net",
            "queue_encryption_key_type": "Service",
            "queue_properties": [
              {
                "cors_rule": [],
                "hour_metrics": [
                  {
                    "enabled": true,
                    "include_apis": true,
                    "retention_policy_days": 7,
                    "version": "1.0"
                  }
                ],
                "logging": [
                  {
                    "delete": false,
                    "read": false,
                    "retention_policy_days": 0,
                    "version": "1.0",
                    "write": false
                  }
                ],
                "minute_metrics": [
                  {
                    "enabled": false,
                    "include_apis": false,
                    "retention_policy_days": 0,
                    "version": "1.0"
                  }
                ]
              }
            ],
            "resource_group_name": "rg-fast-spider",
            "routing": [],
            "secondary_access_key": "GXQ8LZ8amfodTeVddzpLeDguK5AoqE/U5f+GpqgHSlDCmvkEppksZCnCfyzNofjMdxuclATbY19X+AStt8iipw==",
            "secondary_blob_connection_string": "",
            "secondary_blob_endpoint": null,
            "secondary_blob_host": null,
            "secondary_connection_string": "DefaultEndpointsProtocol=https;AccountName=staccvm2;AccountKey=GXQ8LZ8amfodTeVddzpLeDguK5AoqE/U5f+GpqgHSlDCmvkEppksZCnCfyzNofjMdxuclATbY19X+AStt8iipw==;EndpointSuffix=core.windows.net",
            "secondary_dfs_endpoint": null,
            "secondary_dfs_host": null,
            "secondary_file_endpoint": null,
            "secondary_file_host": null,
            "secondary_location": "westus",
            "secondary_queue_endpoint": null,
            "secondary_queue_host": null,
            "secondary_table_endpoint": null,
            "secondary_table_host": null,
            "secondary_web_endpoint": null,
            "secondary_web_host": null,
            "share_properties": [
              {
                "cors_rule": [],
                "retention_policy": [
                  {
                    "days": 7
                  }
                ],
                "smb": []
              }
            ],
            "shared_access_key_enabled": true,
            "static_website": [],
            "table_encryption_key_type": "Service",
            "tags": {
              "environment": "staging"
            },
            "timeouts": null
          },
          "sensitive_attributes": [],
          "private": "eyJlMmJmYjczMC1lY2FhLTExZTYtOGY4OC0zNDM2M2JjN2M0YzAiOnsiY3JlYXRlIjozNjAwMDAwMDAwMDAwLCJkZWxldGUiOjM2MDAwMDAwMDAwMDAsInJlYWQiOjMwMDAwMDAwMDAwMCwidXBkYXRlIjozNjAwMDAwMDAwMDAwfSwic2NoZW1hX3ZlcnNpb24iOiIyIn0=",
          "dependencies": [
            "azurerm_resource_group.rg",
            "random_pet.rg_name"
          ]
        }
      ]
    },
    {
      "mode": "managed",
      "type": "azurerm_subnet",
      "name": "my_terraform_subnet1",
      "provider": "provider[\"registry.terraform.io/hashicorp/azurerm\"]",
      "instances": [
        {
          "schema_version": 0,
          "attributes": {
            "address_prefix": "10.0.1.0/24",
            "address_prefixes": [
              "10.0.1.0/24"
            ],
            "delegation": [],
            "enforce_private_link_endpoint_network_policies": false,
            "enforce_private_link_service_network_policies": false,
            "id": "/subscriptions/722d9905-ce54-431f-97d0-5186bb3bdf76/resourceGroups/rg-fast-spider/providers/Microsoft.Network/virtualNetworks/myVnet/subnets/mySubnet1",
            "name": "mySubnet1",
            "resource_group_name": "rg-fast-spider",
            "service_endpoint_policy_ids": [],
            "service_endpoints": [],
            "timeouts": null,
            "virtual_network_name": "myVnet"
          },
          "sensitive_attributes": [],
          "private": "eyJlMmJmYjczMC1lY2FhLTExZTYtOGY4OC0zNDM2M2JjN2M0YzAiOnsiY3JlYXRlIjoxODAwMDAwMDAwMDAwLCJkZWxldGUiOjE4MDAwMDAwMDAwMDAsInJlYWQiOjMwMDAwMDAwMDAwMCwidXBkYXRlIjoxODAwMDAwMDAwMDAwfX0=",
          "dependencies": [
            "azurerm_resource_group.rg",
            "azurerm_virtual_network.my_terraform_network",
            "random_pet.rg_name"
          ]
        }
      ]
    },
    {
      "mode": "managed",
      "type": "azurerm_subnet",
      "name": "my_terraform_subnet2",
      "provider": "provider[\"registry.terraform.io/hashicorp/azurerm\"]",
      "instances": [
        {
          "schema_version": 0,
          "attributes": {
            "address_prefix": "10.0.2.0/24",
            "address_prefixes": [
              "10.0.2.0/24"
            ],
            "delegation": [],
            "enforce_private_link_endpoint_network_policies": true,
            "enforce_private_link_service_network_policies": false,
            "id": "/subscriptions/722d9905-ce54-431f-97d0-5186bb3bdf76/resourceGroups/rg-fast-spider/providers/Microsoft.Network/virtualNetworks/myVnet/subnets/mySubnet2",
            "name": "mySubnet2",
            "resource_group_name": "rg-fast-spider",
            "service_endpoint_policy_ids": [],
            "service_endpoints": [],
            "timeouts": null,
            "virtual_network_name": "myVnet"
          },
          "sensitive_attributes": [],
          "private": "eyJlMmJmYjczMC1lY2FhLTExZTYtOGY4OC0zNDM2M2JjN2M0YzAiOnsiY3JlYXRlIjoxODAwMDAwMDAwMDAwLCJkZWxldGUiOjE4MDAwMDAwMDAwMDAsInJlYWQiOjMwMDAwMDAwMDAwMCwidXBkYXRlIjoxODAwMDAwMDAwMDAwfX0=",
          "dependencies": [
            "azurerm_resource_group.rg",
            "azurerm_virtual_network.my_terraform_network",
            "random_pet.rg_name"
          ]
        }
      ]
    },
    {
      "mode": "managed",
      "type": "azurerm_subnet",
      "name": "my_terraform_subnet3",
      "provider": "provider[\"registry.terraform.io/hashicorp/azurerm\"]",
      "instances": [
        {
          "schema_version": 0,
          "attributes": {
            "address_prefix": "10.0.3.0/24",
            "address_prefixes": [
              "10.0.3.0/24"
            ],
            "delegation": [],
            "enforce_private_link_endpoint_network_policies": false,
            "enforce_private_link_service_network_policies": false,
            "id": "/subscriptions/722d9905-ce54-431f-97d0-5186bb3bdf76/resourceGroups/rg-fast-spider/providers/Microsoft.Network/virtualNetworks/myVnet/subnets/mySubnet3",
            "name": "mySubnet3",
            "resource_group_name": "rg-fast-spider",
            "service_endpoint_policy_ids": [],
            "service_endpoints": [],
            "timeouts": null,
            "virtual_network_name": "myVnet"
          },
          "sensitive_attributes": [],
          "private": "eyJlMmJmYjczMC1lY2FhLTExZTYtOGY4OC0zNDM2M2JjN2M0YzAiOnsiY3JlYXRlIjoxODAwMDAwMDAwMDAwLCJkZWxldGUiOjE4MDAwMDAwMDAwMDAsInJlYWQiOjMwMDAwMDAwMDAwMCwidXBkYXRlIjoxODAwMDAwMDAwMDAwfX0=",
          "dependencies": [
            "azurerm_resource_group.rg",
            "azurerm_virtual_network.my_terraform_network",
            "random_pet.rg_name"
          ]
        }
      ]
    },
    {
      "mode": "managed",
      "type": "azurerm_subnet",
      "name": "my_terraform_subnet4",
      "provider": "provider[\"registry.terraform.io/hashicorp/azurerm\"]",
      "instances": [
        {
          "schema_version": 0,
          "attributes": {
            "address_prefix": "10.0.4.0/24",
            "address_prefixes": [
              "10.0.4.0/24"
            ],
            "delegation": [],
            "enforce_private_link_endpoint_network_policies": false,
            "enforce_private_link_service_network_policies": false,
            "id": "/subscriptions/722d9905-ce54-431f-97d0-5186bb3bdf76/resourceGroups/rg-fast-spider/providers/Microsoft.Network/virtualNetworks/myVnet/subnets/mySubnet4",
            "name": "mySubnet4",
            "resource_group_name": "rg-fast-spider",
            "service_endpoint_policy_ids": [],
            "service_endpoints": [],
            "timeouts": null,
            "virtual_network_name": "myVnet"
          },
          "sensitive_attributes": [],
          "private": "eyJlMmJmYjczMC1lY2FhLTExZTYtOGY4OC0zNDM2M2JjN2M0YzAiOnsiY3JlYXRlIjoxODAwMDAwMDAwMDAwLCJkZWxldGUiOjE4MDAwMDAwMDAwMDAsInJlYWQiOjMwMDAwMDAwMDAwMCwidXBkYXRlIjoxODAwMDAwMDAwMDAwfX0=",
          "dependencies": [
            "azurerm_resource_group.rg",
            "azurerm_virtual_network.my_terraform_network",
            "random_pet.rg_name"
          ]
        }
      ]
    },
    {
      "mode": "managed",
      "type": "azurerm_virtual_network",
      "name": "my_terraform_network",
      "provider": "provider[\"registry.terraform.io/hashicorp/azurerm\"]",
      "instances": [
        {
          "schema_version": 0,
          "attributes": {
            "address_space": [
              "10.0.0.0/16"
            ],
            "bgp_community": "",
            "ddos_protection_plan": [],
            "dns_servers": [],
            "flow_timeout_in_minutes": 0,
            "guid": "b17c6a4f-1440-40ba-8403-8e08b24bc39e",
            "id": "/subscriptions/722d9905-ce54-431f-97d0-5186bb3bdf76/resourceGroups/rg-fast-spider/providers/Microsoft.Network/virtualNetworks/myVnet",
            "location": "eastus",
            "name": "myVnet",
            "resource_group_name": "rg-fast-spider",
            "subnet": [
              {
                "address_prefix": "10.0.1.0/24",
                "id": "/subscriptions/722d9905-ce54-431f-97d0-5186bb3bdf76/resourceGroups/rg-fast-spider/providers/Microsoft.Network/virtualNetworks/myVnet/subnets/mySubnet1",
                "name": "mySubnet1",
                "security_group": ""
              },
              {
                "address_prefix": "10.0.2.0/24",
                "id": "/subscriptions/722d9905-ce54-431f-97d0-5186bb3bdf76/resourceGroups/rg-fast-spider/providers/Microsoft.Network/virtualNetworks/myVnet/subnets/mySubnet2",
                "name": "mySubnet2",
                "security_group": ""
              },
              {
                "address_prefix": "10.0.3.0/24",
                "id": "/subscriptions/722d9905-ce54-431f-97d0-5186bb3bdf76/resourceGroups/rg-fast-spider/providers/Microsoft.Network/virtualNetworks/myVnet/subnets/mySubnet3",
                "name": "mySubnet3",
                "security_group": ""
              },
              {
                "address_prefix": "10.0.4.0/24",
                "id": "/subscriptions/722d9905-ce54-431f-97d0-5186bb3bdf76/resourceGroups/rg-fast-spider/providers/Microsoft.Network/virtualNetworks/myVnet/subnets/mySubnet4",
                "name": "mySubnet4",
                "security_group": ""
              }
            ],
            "tags": {},
            "timeouts": null,
            "vm_protection_enabled": false
          },
          "sensitive_attributes": [],
          "private": "eyJlMmJmYjczMC1lY2FhLTExZTYtOGY4OC0zNDM2M2JjN2M0YzAiOnsiY3JlYXRlIjoxODAwMDAwMDAwMDAwLCJkZWxldGUiOjE4MDAwMDAwMDAwMDAsInJlYWQiOjMwMDAwMDAwMDAwMCwidXBkYXRlIjoxODAwMDAwMDAwMDAwfX0=",
          "dependencies": [
            "azurerm_resource_group.rg",
            "random_pet.rg_name"
          ]
        }
      ]
    },
    {
      "mode": "managed",
      "type": "random_password",
      "name": "password",
      "provider": "provider[\"registry.terraform.io/hashicorp/random\"]",
      "instances": [
        {
          "schema_version": 3,
          "attributes": {
            "bcrypt_hash": "$2a$10$W/Is5RzT9DzFKa31roJ4fO.p73n.gJFPiSjm97S6OKTk3NQQQk4D2",
            "id": "none",
            "keepers": null,
            "length": 20,
            "lower": true,
            "min_lower": 1,
            "min_numeric": 1,
            "min_special": 1,
            "min_upper": 1,
            "number": true,
            "numeric": true,
            "override_special": null,
            "result": "bl$Jw\u0026Yox*w*5T(P]ye+",
            "special": true,
            "upper": true
          },
          "sensitive_attributes": []
        }
      ]
    },
    {
      "mode": "managed",
      "type": "random_pet",
      "name": "rg_name",
      "provider": "provider[\"registry.terraform.io/hashicorp/random\"]",
      "instances": [
        {
          "schema_version": 0,
          "attributes": {
            "id": "rg-fast-spider",
            "keepers": null,
            "length": 2,
            "prefix": "rg",
            "separator": "-"
          },
          "sensitive_attributes": []
        }
      ]
    },
    {
      "mode": "managed",
      "type": "random_pet",
      "name": "ssh_key_name",
      "provider": "provider[\"registry.terraform.io/hashicorp/random\"]",
      "instances": [
        {
          "schema_version": 0,
          "attributes": {
            "id": "sshexcitedstarfish",
            "keepers": null,
            "length": 2,
            "prefix": "ssh",
            "separator": ""
          },
          "sensitive_attributes": []
        }
      ]
    }
  ],
  "check_results": []
}
