{
  "version": 4,
  "terraform_version": "1.3.2",
  "serial": 12,
  "lineage": "ff535515-df0f-cbda-15de-e4f54e8bf22f",
  "outputs": {
    "key_data": {
      "value": "ssh-rsa AAAAB3NzaC1yc2EAAAADAQABAAABgQDfbLPyDC6ugxj3U0ZV/0Aqc7RQYu4VE0A9sCKR8lxvsw0lnS+gQ8rD/zSne4L89+WNdUy65DbcL7YnK1cTuV+UY1f/mz+o5P0hqbgmYNWUxcJoLS3kXYN50RaKvfyL6mSLa6mMwKak3POzqtuFaABiDoM142t8zsnzXvY0QAqZlNREV1uek1VrtGVS7v+6Y2ZLUGmV6EYQzf2V/lGOZEkm4tICK+KqWG5T2Fm/TWg2YzukW+1N7oWNxtZoOGEExtcP9md6q+z3Q0MI5NeJLi2ypAeplBrPHVbct/esAZWP7fyWmf/GlmbqyBUDsL9j498TjI0ODuIU5/43CZfad6W7FYbMLRAGzWyQXUvO1W5iQwQZDh3Q9InjGmBoYvxMTZRMaodP04HfUZo40zQljHmWNCNBY7REunKGhmmgA7GHoIgVhdZoQ5j+f83jAtCAbyT1oPfl9DFtdzFkO4Ck0LfjzYVNG4uSWQhNtRAmzkRXy2ggHd5UkwCM/GhGc4YEhLU= generated-by-azure",
      "type": "string"
    },
    "public_ip_address": {
      "value": "20.172.208.11",
      "type": "string"
    },
    "resource_group_name": {
      "value": "rg-kind-robin",
      "type": "string"
    }
  },
  "resources": [
    {
      "mode": "managed",
      "type": "azapi_resource",
      "name": "ssh_public_key",
      "provider": "provider[\"registry.terraform.io/azure/azapi\"]",
      "instances": [
        {
          "schema_version": 0,
          "attributes": {
            "body": "{}",
            "id": "/subscriptions/722d9905-ce54-431f-97d0-5186bb3bdf76/resourceGroups/rg-kind-robin/providers/Microsoft.Compute/sshPublicKeys/sshevidentskunk",
            "identity": [],
            "ignore_casing": false,
            "ignore_missing_property": true,
            "location": "eastus",
            "locks": null,
            "name": "sshevidentskunk",
            "output": "{}",
            "parent_id": "/subscriptions/722d9905-ce54-431f-97d0-5186bb3bdf76/resourceGroups/rg-kind-robin",
            "removing_special_chars": false,
            "response_export_values": null,
            "schema_validation_enabled": true,
            "tags": {},
            "timeouts": null,
            "type": "Microsoft.Compute/sshPublicKeys@2022-11-01"
          },
          "sensitive_attributes": [],
          "private": "eyJlMmJmYjczMC1lY2FhLTExZTYtOGY4OC0zNDM2M2JjN2M0YzAiOnsiY3JlYXRlIjoxODAwMDAwMDAwMDAwLCJkZWxldGUiOjE4MDAwMDAwMDAwMDAsInJlYWQiOjMwMDAwMDAwMDAwMCwidXBkYXRlIjoxODAwMDAwMDAwMDAwfX0=",
          "dependencies": [
            "azurerm_resource_group.rg",
            "random_pet.rg_name",
            "random_pet.ssh_key_name"
          ]
        }
      ]
    },
    {
      "mode": "managed",
      "type": "azapi_resource_action",
      "name": "ssh_public_key_gen",
      "provider": "provider[\"registry.terraform.io/azure/azapi\"]",
      "instances": [
        {
          "schema_version": 0,
          "attributes": {
            "action": "generateKeyPair",
            "body": null,
            "id": "/subscriptions/722d9905-ce54-431f-97d0-5186bb3bdf76/resourceGroups/rg-kind-robin/providers/Microsoft.Compute/sshPublicKeys/sshevidentskunk/generateKeyPair",
            "locks": null,
            "method": "POST",
            "output": "{\"privateKey\":\"-----BEGIN RSA PRIVATE KEY-----\\r\\nMIIG4wIBAAKCAYEA32yz8gwuroMY91NGVf9AKnO0UGLuFRNAPbAikfJcb7MNJZ0v\\r\\noEPKw/80p3uC/PfljXVMuuQ23C+2JytXE7lflGNX/5s/qOT9Iam4JmDVlMXCaC0t\\r\\n5F2DedEWir38i+pki2upjMCmpNzzs6rbhWgAYg6DNeNrfM7J8172NEAKmZTURFdb\\r\\nnpNVa7RlUu7/umNmS1BplehGEM39lf5RjmRJJuLSAiviqlhuU9hZv01oNmM7pFvt\\r\\nTe6FjcbWaDhhBMbXD/Zneqvs90NDCOTXiS4tsqQHqZQazx1W3Lf3rAGVj+38lpn/\\r\\nxpZm6sgVA7C/Y+PfE4yNDg7iFOf+NwmX2neluxWGzC0QBs1skF1LztVuYkMEGQ4d\\r\\n0PSJ4xpgaGL8TE2UTGqHT9OB31GaONM0JYx5ljQjQWO0RLpyhoZpoAOxh6CIFYXW\\r\\naEOY/n/N4wLQgG8k9aD35fQxbXcxZDuApNC3482FTRuLklkITbUQJs5EV8toIB3e\\r\\nVJMAjPxoRnOGBIS1AgMBAAECggGBAJ+jwROCxtwkifM2SjxqLIPotn71oR3n6m/p\\r\\naVoU7R1Wt18X6A7AQaI3uHyvENIForyngpLLO7OqV6G3IvnR60xQi3D0kdDxBTlH\\r\\nVm/9or4xa44aMf9JHgctccjipQ+oA/1miPgsMyX7RhorS70Pqa5mpjQb8hJ0gvHk\\r\\n+VAuLiS8pcrLDIjKxy80720JnimkmlPX+gmFtIKPXNEOrWFroKUrTlkE2GlU1EgO\\r\\nf1nkSkEKOHRgxrd3ZW//EfXXyuKp220UuAuzVLHkBp+QTmS6+SOrDPRsx2dUmQeO\\r\\nnr+lrsVDL3JJoN/Q0AolJmNJj7nzedcmBJCtsFUkkfF6fy6urxZwuQCqdCNMdnki\\r\\nUyX5EkAabOykO1rQoRlM6RZA/70aAdjOdOyam6Gqfm2MOPoNO72Jtl9Xt5G3IMNk\\r\\n0G/952Vt4p44B5n0M3bW8luiwHUHuVDliB0ON1+KPpu5FPg04Ha6lF8fTaSNDAxh\\r\\ndBX4aDl/GEv7vphKPduz1Ooj/aSshQKBwQDqoZtiYEDoSsY2tivzUXAzmMXKC4ZF\\r\\npgj9+PmqdyfnAplYQSQJaiV4K2sLB2snE05aFijF7hv0Kb5CrLh0KzE3PYuFTuBY\\r\\niNyirmBg9q6vKRbw+PN/yEpgbdCsvJD/n4cgBEitsiEGC0G6ePObP+o0RERuq/ZD\\r\\nOBkoIVCZsk7V3MLfaPlsB2IFN3vXKnszix3dGIsZahQvXoH70wgFCV4ejOvOvtWB\\r\\nEqS8T4hITwKRQU8B5oq7zWZRAfdIlNd6stMCgcEA88XQflV0q/obw2wGntvcWoSz\\r\\nqMc3PkHoHP6U9oL2tezxHmdGFbH0qjWp/wwOaT5MeMzlhCXoRniSxHFWVOuFsQHN\\r\\nGHTmUkL0yNvwMz87xUqhkgaGXnfwL4cHYwfYadjsZQ0x/lJh8jKl1uhmgEhRooPv\\r\\n8JVGEIR+t0i4RwcyeAFLgYfvHoOSgwfQqaW94OP4nbJ/mh2/Eg6SD8Cni5RJLjeZ\\r\\nuCkLZWmohoaNzcxjiMy1Vc28LdFW08vyfK5qWeVXAoHAV5oxHsDbWx+X9BN+Q2GT\\r\\np+ARcQdugZClaNXNucS1ZD4HLPldUBqOlNh5JewGKNe/eEkvvf7R9w6i19gPImiB\\r\\n/qL+9a3me4fWAPNkTq+rtwB7bUs19u68PlaiA+x/osFYPS78R8XrKIuJZesE4WEy\\r\\nu4MFneCcmKpYUjBmHIyDfLvpEmrqPVhgU5xMo6Bb0XnOk583SCzgDnOVyoUXSHIf\\r\\n7v4kiNOdeYyRbzGuq3i8d6lPq2D9SXM+EV7PigzwiwI7AoHAWingY9nXvYRUoINk\\r\\nL33CkvhiOxr0I+Lcp1zCXCs0dTWeOVCZa4zWod4Xcm5TJjoUrtmaSrZ6oxYVsvL4\\r\\nq5Axcrbn1RPn3KVHRMOUpF/PC7n+6LPhHy/ddrbK1KYiNYQ2a2nmA9sUvzBchpCO\\r\\n2QPmreV+6c1MjO90rvYGsr7Gu/w+oTpWB0NC/ZP2ackT4gpv+mP7LlWyRkt9WrY3\\r\\nQjkmmCGYibUkse3Sl29NI8FlT0PoDkR6RbgYFV5p4hPg4j8hAoHAdRw32GPzDh3M\\r\\nJcBbsuURl1dvZimNDe82/GHb0h1QYGW5H2Fp9Hwe5za21yoEGhE2MDnHmpj/zVqO\\r\\ndZq4HA1v1SoFdF40tgimjBXncGVejA6pw5VhX+y2pnC67QsBoWCCgz3Dp1jQbue/\\r\\nQoLdDmKhKdIUMHdIxR1AKy972JOqVJVgtc3GYN1LNHntuM0c0myJpkwmz5BuOQmD\\r\\n2JJlKCLZmBf4c31+gdB7w8+sABA/w8ZYWfs9h+XbDYk6fQWxqcVS\\r\\n-----END RSA PRIVATE KEY-----\\r\\n\",\"publicKey\":\"ssh-rsa AAAAB3NzaC1yc2EAAAADAQABAAABgQDfbLPyDC6ugxj3U0ZV/0Aqc7RQYu4VE0A9sCKR8lxvsw0lnS+gQ8rD/zSne4L89+WNdUy65DbcL7YnK1cTuV+UY1f/mz+o5P0hqbgmYNWUxcJoLS3kXYN50RaKvfyL6mSLa6mMwKak3POzqtuFaABiDoM142t8zsnzXvY0QAqZlNREV1uek1VrtGVS7v+6Y2ZLUGmV6EYQzf2V/lGOZEkm4tICK+KqWG5T2Fm/TWg2YzukW+1N7oWNxtZoOGEExtcP9md6q+z3Q0MI5NeJLi2ypAeplBrPHVbct/esAZWP7fyWmf/GlmbqyBUDsL9j498TjI0ODuIU5/43CZfad6W7FYbMLRAGzWyQXUvO1W5iQwQZDh3Q9InjGmBoYvxMTZRMaodP04HfUZo40zQljHmWNCNBY7REunKGhmmgA7GHoIgVhdZoQ5j+f83jAtCAbyT1oPfl9DFtdzFkO4Ck0LfjzYVNG4uSWQhNtRAmzkRXy2ggHd5UkwCM/GhGc4YEhLU= generated-by-azure\"}",
            "resource_id": "/subscriptions/722d9905-ce54-431f-97d0-5186bb3bdf76/resourceGroups/rg-kind-robin/providers/Microsoft.Compute/sshPublicKeys/sshevidentskunk",
            "response_export_values": [
              "publicKey",
              "privateKey"
            ],
            "timeouts": null,
            "type": "Microsoft.Compute/sshPublicKeys@2022-11-01"
          },
          "sensitive_attributes": [],
          "private": "eyJlMmJmYjczMC1lY2FhLTExZTYtOGY4OC0zNDM2M2JjN2M0YzAiOnsiY3JlYXRlIjoxODAwMDAwMDAwMDAwLCJkZWxldGUiOjE4MDAwMDAwMDAwMDAsInJlYWQiOjMwMDAwMDAwMDAwMCwidXBkYXRlIjoxODAwMDAwMDAwMDAwfX0=",
          "dependencies": [
            "azapi_resource.ssh_public_key",
            "azurerm_resource_group.rg",
            "random_pet.rg_name",
            "random_pet.ssh_key_name"
          ]
        }
      ]
    },
    {
      "mode": "managed",
      "type": "azurerm_linux_virtual_machine",
      "name": "my_terraform_vm",
      "provider": "provider[\"registry.terraform.io/hashicorp/azurerm\"]",
      "instances": [
        {
          "schema_version": 0,
          "attributes": {
            "additional_capabilities": [],
            "admin_password": null,
            "admin_ssh_key": [
              {
                "public_key": "ssh-rsa AAAAB3NzaC1yc2EAAAADAQABAAABgQDfbLPyDC6ugxj3U0ZV/0Aqc7RQYu4VE0A9sCKR8lxvsw0lnS+gQ8rD/zSne4L89+WNdUy65DbcL7YnK1cTuV+UY1f/mz+o5P0hqbgmYNWUxcJoLS3kXYN50RaKvfyL6mSLa6mMwKak3POzqtuFaABiDoM142t8zsnzXvY0QAqZlNREV1uek1VrtGVS7v+6Y2ZLUGmV6EYQzf2V/lGOZEkm4tICK+KqWG5T2Fm/TWg2YzukW+1N7oWNxtZoOGEExtcP9md6q+z3Q0MI5NeJLi2ypAeplBrPHVbct/esAZWP7fyWmf/GlmbqyBUDsL9j498TjI0ODuIU5/43CZfad6W7FYbMLRAGzWyQXUvO1W5iQwQZDh3Q9InjGmBoYvxMTZRMaodP04HfUZo40zQljHmWNCNBY7REunKGhmmgA7GHoIgVhdZoQ5j+f83jAtCAbyT1oPfl9DFtdzFkO4Ck0LfjzYVNG4uSWQhNtRAmzkRXy2ggHd5UkwCM/GhGc4YEhLU= generated-by-azure",
                "username": "azureadmin"
              }
            ],
            "admin_username": "azureadmin",
            "allow_extension_operations": true,
            "availability_set_id": "",
            "boot_diagnostics": [
              {
                "storage_account_uri": "https://staccvm1.blob.core.windows.net/"
              }
            ],
            "computer_name": "hostname",
            "custom_data": null,
            "dedicated_host_group_id": "",
            "dedicated_host_id": "",
            "disable_password_authentication": true,
            "encryption_at_host_enabled": false,
            "eviction_policy": "",
            "extensions_time_budget": "PT1H30M",
            "id": "/subscriptions/722d9905-ce54-431f-97d0-5186bb3bdf76/resourceGroups/rg-kind-robin/providers/Microsoft.Compute/virtualMachines/vm1_test1",
            "identity": [],
            "license_type": "",
            "location": "eastus",
            "max_bid_price": -1,
            "name": "vm1_test1",
            "network_interface_ids": [
              "/subscriptions/722d9905-ce54-431f-97d0-5186bb3bdf76/resourceGroups/rg-kind-robin/providers/Microsoft.Network/networkInterfaces/myNIC"
            ],
            "os_disk": [
              {
                "caching": "ReadWrite",
                "diff_disk_settings": [],
                "disk_encryption_set_id": "",
                "disk_size_gb": 30,
                "name": "myOsDisk",
                "storage_account_type": "Premium_LRS",
                "write_accelerator_enabled": false
              }
            ],
            "patch_mode": "ImageDefault",
            "plan": [],
            "platform_fault_domain": -1,
            "priority": "Regular",
            "private_ip_address": "10.0.1.4",
            "private_ip_addresses": [
              "10.0.1.4"
            ],
            "provision_vm_agent": true,
            "proximity_placement_group_id": "",
            "public_ip_address": "20.172.208.11",
            "public_ip_addresses": [
              "20.172.208.11"
            ],
            "resource_group_name": "rg-kind-robin",
            "secret": [],
            "secure_boot_enabled": false,
            "size": "Standard_DS1_v2",
            "source_image_id": "",
            "source_image_reference": [
              {
                "offer": "0001-com-ubuntu-server-jammy",
                "publisher": "Canonical",
                "sku": "22_04-lts-gen2",
                "version": "latest"
              }
            ],
            "tags": null,
            "timeouts": null,
            "user_data": "",
            "virtual_machine_id": "82a443fc-6130-4344-a126-1aea90ad5719",
            "virtual_machine_scale_set_id": "",
            "vtpm_enabled": false,
            "zone": ""
          },
          "sensitive_attributes": [],
          "private": "eyJlMmJmYjczMC1lY2FhLTExZTYtOGY4OC0zNDM2M2JjN2M0YzAiOnsiY3JlYXRlIjoyNzAwMDAwMDAwMDAwLCJkZWxldGUiOjI3MDAwMDAwMDAwMDAsInJlYWQiOjMwMDAwMDAwMDAwMCwidXBkYXRlIjoyNzAwMDAwMDAwMDAwfX0=",
          "dependencies": [
            "azapi_resource.ssh_public_key",
            "azapi_resource_action.ssh_public_key_gen",
            "azurerm_network_interface.my_terraform_nic",
            "azurerm_public_ip.my_terraform_public_ip",
            "azurerm_resource_group.rg",
            "azurerm_storage_account.my_storage_account",
            "azurerm_subnet.my_terraform_subnet",
            "azurerm_virtual_network.my_terraform_network",
            "random_pet.rg_name",
            "random_pet.ssh_key_name"
          ]
        }
      ]
    },
    {
      "mode": "managed",
      "type": "azurerm_network_interface",
      "name": "my_terraform_nic",
      "provider": "provider[\"registry.terraform.io/hashicorp/azurerm\"]",
      "instances": [
        {
          "schema_version": 0,
          "attributes": {
            "applied_dns_servers": [],
            "dns_servers": [],
            "enable_accelerated_networking": false,
            "enable_ip_forwarding": false,
            "id": "/subscriptions/722d9905-ce54-431f-97d0-5186bb3bdf76/resourceGroups/rg-kind-robin/providers/Microsoft.Network/networkInterfaces/myNIC",
            "internal_dns_name_label": "",
            "internal_domain_name_suffix": "qb210x0cs5tezaw2boztt2zygd.bx.internal.cloudapp.net",
            "ip_configuration": [
              {
                "gateway_load_balancer_frontend_ip_configuration_id": "",
                "name": "my_nic_configuration",
                "primary": true,
                "private_ip_address": "10.0.1.4",
                "private_ip_address_allocation": "Dynamic",
                "private_ip_address_version": "IPv4",
                "public_ip_address_id": "/subscriptions/722d9905-ce54-431f-97d0-5186bb3bdf76/resourceGroups/rg-kind-robin/providers/Microsoft.Network/publicIPAddresses/myPublicIP",
                "subnet_id": "/subscriptions/722d9905-ce54-431f-97d0-5186bb3bdf76/resourceGroups/rg-kind-robin/providers/Microsoft.Network/virtualNetworks/myVnet/subnets/mySubnet"
              }
            ],
            "location": "eastus",
            "mac_address": "",
            "name": "myNIC",
            "private_ip_address": "10.0.1.4",
            "private_ip_addresses": [
              "10.0.1.4"
            ],
            "resource_group_name": "rg-kind-robin",
            "tags": null,
            "timeouts": null,
            "virtual_machine_id": ""
          },
          "sensitive_attributes": [],
          "private": "eyJlMmJmYjczMC1lY2FhLTExZTYtOGY4OC0zNDM2M2JjN2M0YzAiOnsiY3JlYXRlIjoxODAwMDAwMDAwMDAwLCJkZWxldGUiOjE4MDAwMDAwMDAwMDAsInJlYWQiOjMwMDAwMDAwMDAwMCwidXBkYXRlIjoxODAwMDAwMDAwMDAwfX0=",
          "dependencies": [
            "azurerm_public_ip.my_terraform_public_ip",
            "azurerm_resource_group.rg",
            "azurerm_subnet.my_terraform_subnet",
            "azurerm_virtual_network.my_terraform_network",
            "random_pet.rg_name"
          ]
        }
      ]
    },
    {
      "mode": "managed",
      "type": "azurerm_public_ip",
      "name": "my_terraform_public_ip",
      "provider": "provider[\"registry.terraform.io/hashicorp/azurerm\"]",
      "instances": [
        {
          "schema_version": 0,
          "attributes": {
            "allocation_method": "Dynamic",
            "availability_zone": "No-Zone",
            "domain_name_label": null,
            "fqdn": null,
            "id": "/subscriptions/722d9905-ce54-431f-97d0-5186bb3bdf76/resourceGroups/rg-kind-robin/providers/Microsoft.Network/publicIPAddresses/myPublicIP",
            "idle_timeout_in_minutes": 4,
            "ip_address": "",
            "ip_tags": null,
            "ip_version": "IPv4",
            "location": "eastus",
            "name": "myPublicIP",
            "public_ip_prefix_id": null,
            "resource_group_name": "rg-kind-robin",
            "reverse_fqdn": null,
            "sku": "Basic",
            "sku_tier": "Regional",
            "tags": null,
            "timeouts": null,
            "zones": []
          },
          "sensitive_attributes": [],
          "private": "eyJlMmJmYjczMC1lY2FhLTExZTYtOGY4OC0zNDM2M2JjN2M0YzAiOnsiY3JlYXRlIjoxODAwMDAwMDAwMDAwLCJkZWxldGUiOjE4MDAwMDAwMDAwMDAsInJlYWQiOjMwMDAwMDAwMDAwMCwidXBkYXRlIjoxODAwMDAwMDAwMDAwfX0=",
          "dependencies": [
            "azurerm_resource_group.rg",
            "random_pet.rg_name"
          ]
        }
      ]
    },
    {
      "mode": "managed",
      "type": "azurerm_resource_group",
      "name": "rg",
      "provider": "provider[\"registry.terraform.io/hashicorp/azurerm\"]",
      "instances": [
        {
          "schema_version": 0,
          "attributes": {
            "id": "/subscriptions/722d9905-ce54-431f-97d0-5186bb3bdf76/resourceGroups/rg-kind-robin",
            "location": "eastus",
            "name": "rg-kind-robin",
            "tags": null,
            "timeouts": null
          },
          "sensitive_attributes": [],
          "private": "eyJlMmJmYjczMC1lY2FhLTExZTYtOGY4OC0zNDM2M2JjN2M0YzAiOnsiY3JlYXRlIjo1NDAwMDAwMDAwMDAwLCJkZWxldGUiOjU0MDAwMDAwMDAwMDAsInJlYWQiOjMwMDAwMDAwMDAwMCwidXBkYXRlIjo1NDAwMDAwMDAwMDAwfX0=",
          "dependencies": [
            "random_pet.rg_name"
          ]
        }
      ]
    },
    {
      "mode": "managed",
      "type": "azurerm_storage_account",
      "name": "my_storage_account",
      "provider": "provider[\"registry.terraform.io/hashicorp/azurerm\"]",
      "instances": [
        {
          "schema_version": 2,
          "attributes": {
            "access_tier": "Hot",
            "account_kind": "StorageV2",
            "account_replication_type": "GRS",
            "account_tier": "Standard",
            "allow_blob_public_access": false,
            "azure_files_authentication": [],
            "blob_properties": [
              {
                "change_feed_enabled": false,
                "container_delete_retention_policy": [],
                "cors_rule": [],
                "default_service_version": "",
                "delete_retention_policy": [],
                "last_access_time_enabled": false,
                "versioning_enabled": false
              }
            ],
            "custom_domain": [],
            "customer_managed_key": [],
            "enable_https_traffic_only": true,
            "id": "/subscriptions/722d9905-ce54-431f-97d0-5186bb3bdf76/resourceGroups/rg-kind-robin/providers/Microsoft.Storage/storageAccounts/staccvm1",
            "identity": [],
            "infrastructure_encryption_enabled": false,
            "is_hns_enabled": false,
            "large_file_share_enabled": null,
            "location": "eastus",
            "min_tls_version": "TLS1_0",
            "name": "staccvm1",
            "network_rules": [
              {
                "bypass": [
                  "AzureServices"
                ],
                "default_action": "Allow",
                "ip_rules": [],
                "private_link_access": [],
                "virtual_network_subnet_ids": []
              }
            ],
            "nfsv3_enabled": false,
            "primary_access_key": "eoMDynaxiBZnxhJis6ofhqf4jBYf2BwRugW42JIyAlSidnMOquX8+cQ1FXcwMmcvsRu+hoyHeI6w+AStIz4ezA==",
            "primary_blob_connection_string": "DefaultEndpointsProtocol=https;BlobEndpoint=https://staccvm1.blob.core.windows.net/;AccountName=staccvm1;AccountKey=eoMDynaxiBZnxhJis6ofhqf4jBYf2BwRugW42JIyAlSidnMOquX8+cQ1FXcwMmcvsRu+hoyHeI6w+AStIz4ezA==",
            "primary_blob_endpoint": "https://staccvm1.blob.core.windows.net/",
            "primary_blob_host": "staccvm1.blob.core.windows.net",
            "primary_connection_string": "DefaultEndpointsProtocol=https;AccountName=staccvm1;AccountKey=eoMDynaxiBZnxhJis6ofhqf4jBYf2BwRugW42JIyAlSidnMOquX8+cQ1FXcwMmcvsRu+hoyHeI6w+AStIz4ezA==;EndpointSuffix=core.windows.net",
            "primary_dfs_endpoint": "https://staccvm1.dfs.core.windows.net/",
            "primary_dfs_host": "staccvm1.dfs.core.windows.net",
            "primary_file_endpoint": "https://staccvm1.file.core.windows.net/",
            "primary_file_host": "staccvm1.file.core.windows.net",
            "primary_location": "eastus",
            "primary_queue_endpoint": "https://staccvm1.queue.core.windows.net/",
            "primary_queue_host": "staccvm1.queue.core.windows.net",
            "primary_table_endpoint": "https://staccvm1.table.core.windows.net/",
            "primary_table_host": "staccvm1.table.core.windows.net",
            "primary_web_endpoint": "https://staccvm1.z13.web.core.windows.net/",
            "primary_web_host": "staccvm1.z13.web.core.windows.net",
            "queue_encryption_key_type": "Service",
            "queue_properties": [
              {
                "cors_rule": [],
                "hour_metrics": [
                  {
                    "enabled": true,
                    "include_apis": true,
                    "retention_policy_days": 7,
                    "version": "1.0"
                  }
                ],
                "logging": [
                  {
                    "delete": false,
                    "read": false,
                    "retention_policy_days": 0,
                    "version": "1.0",
                    "write": false
                  }
                ],
                "minute_metrics": [
                  {
                    "enabled": false,
                    "include_apis": false,
                    "retention_policy_days": 0,
                    "version": "1.0"
                  }
                ]
              }
            ],
            "resource_group_name": "rg-kind-robin",
            "routing": [],
            "secondary_access_key": "qTlNw+7NBRtmE5pgd6v7Cw1BUJyRHk6Ca/gx82LvQLvdhUIe2kgNdKctBly5alrJvAJNQIeEg/LH+AStyCS+kw==",
            "secondary_blob_connection_string": "",
            "secondary_blob_endpoint": null,
            "secondary_blob_host": null,
            "secondary_connection_string": "DefaultEndpointsProtocol=https;AccountName=staccvm1;AccountKey=qTlNw+7NBRtmE5pgd6v7Cw1BUJyRHk6Ca/gx82LvQLvdhUIe2kgNdKctBly5alrJvAJNQIeEg/LH+AStyCS+kw==;EndpointSuffix=core.windows.net",
            "secondary_dfs_endpoint": null,
            "secondary_dfs_host": null,
            "secondary_file_endpoint": null,
            "secondary_file_host": null,
            "secondary_location": "westus",
            "secondary_queue_endpoint": null,
            "secondary_queue_host": null,
            "secondary_table_endpoint": null,
            "secondary_table_host": null,
            "secondary_web_endpoint": null,
            "secondary_web_host": null,
            "share_properties": [
              {
                "cors_rule": [],
                "retention_policy": [
                  {
                    "days": 7
                  }
                ],
                "smb": []
              }
            ],
            "shared_access_key_enabled": true,
            "static_website": [],
            "table_encryption_key_type": "Service",
            "tags": {
              "environment": "staging"
            },
            "timeouts": null
          },
          "sensitive_attributes": [],
          "private": "eyJlMmJmYjczMC1lY2FhLTExZTYtOGY4OC0zNDM2M2JjN2M0YzAiOnsiY3JlYXRlIjozNjAwMDAwMDAwMDAwLCJkZWxldGUiOjM2MDAwMDAwMDAwMDAsInJlYWQiOjMwMDAwMDAwMDAwMCwidXBkYXRlIjozNjAwMDAwMDAwMDAwfSwic2NoZW1hX3ZlcnNpb24iOiIyIn0=",
          "dependencies": [
            "azurerm_resource_group.rg",
            "random_pet.rg_name"
          ]
        }
      ]
    },
    {
      "mode": "managed",
      "type": "azurerm_subnet",
      "name": "my_terraform_subnet",
      "provider": "provider[\"registry.terraform.io/hashicorp/azurerm\"]",
      "instances": [
        {
          "schema_version": 0,
          "attributes": {
            "address_prefix": "10.0.1.0/24",
            "address_prefixes": [
              "10.0.1.0/24"
            ],
            "delegation": [],
            "enforce_private_link_endpoint_network_policies": false,
            "enforce_private_link_service_network_policies": false,
            "id": "/subscriptions/722d9905-ce54-431f-97d0-5186bb3bdf76/resourceGroups/rg-kind-robin/providers/Microsoft.Network/virtualNetworks/myVnet/subnets/mySubnet",
            "name": "mySubnet",
            "resource_group_name": "rg-kind-robin",
            "service_endpoint_policy_ids": null,
            "service_endpoints": null,
            "timeouts": null,
            "virtual_network_name": "myVnet"
          },
          "sensitive_attributes": [],
          "private": "eyJlMmJmYjczMC1lY2FhLTExZTYtOGY4OC0zNDM2M2JjN2M0YzAiOnsiY3JlYXRlIjoxODAwMDAwMDAwMDAwLCJkZWxldGUiOjE4MDAwMDAwMDAwMDAsInJlYWQiOjMwMDAwMDAwMDAwMCwidXBkYXRlIjoxODAwMDAwMDAwMDAwfX0=",
          "dependencies": [
            "azurerm_resource_group.rg",
            "azurerm_virtual_network.my_terraform_network",
            "random_pet.rg_name"
          ]
        }
      ]
    },
    {
      "mode": "managed",
      "type": "azurerm_virtual_network",
      "name": "my_terraform_network",
      "provider": "provider[\"registry.terraform.io/hashicorp/azurerm\"]",
      "instances": [
        {
          "schema_version": 0,
          "attributes": {
            "address_space": [
              "10.0.0.0/16"
            ],
            "bgp_community": "",
            "ddos_protection_plan": [],
            "dns_servers": [],
            "flow_timeout_in_minutes": 0,
            "guid": "5fbd7980-9742-4ce6-82dc-0bb339f33833",
            "id": "/subscriptions/722d9905-ce54-431f-97d0-5186bb3bdf76/resourceGroups/rg-kind-robin/providers/Microsoft.Network/virtualNetworks/myVnet",
            "location": "eastus",
            "name": "myVnet",
            "resource_group_name": "rg-kind-robin",
            "subnet": [],
            "tags": null,
            "timeouts": null,
            "vm_protection_enabled": false
          },
          "sensitive_attributes": [],
          "private": "eyJlMmJmYjczMC1lY2FhLTExZTYtOGY4OC0zNDM2M2JjN2M0YzAiOnsiY3JlYXRlIjoxODAwMDAwMDAwMDAwLCJkZWxldGUiOjE4MDAwMDAwMDAwMDAsInJlYWQiOjMwMDAwMDAwMDAwMCwidXBkYXRlIjoxODAwMDAwMDAwMDAwfX0=",
          "dependencies": [
            "azurerm_resource_group.rg",
            "random_pet.rg_name"
          ]
        }
      ]
    },
    {
      "mode": "managed",
      "type": "random_pet",
      "name": "rg_name",
      "provider": "provider[\"registry.terraform.io/hashicorp/random\"]",
      "instances": [
        {
          "schema_version": 0,
          "attributes": {
            "id": "rg-kind-robin",
            "keepers": null,
            "length": 2,
            "prefix": "rg",
            "separator": "-"
          },
          "sensitive_attributes": []
        }
      ]
    },
    {
      "mode": "managed",
      "type": "random_pet",
      "name": "ssh_key_name",
      "provider": "provider[\"registry.terraform.io/hashicorp/random\"]",
      "instances": [
        {
          "schema_version": 0,
          "attributes": {
            "id": "sshevidentskunk",
            "keepers": null,
            "length": 2,
            "prefix": "ssh",
            "separator": ""
          },
          "sensitive_attributes": []
        }
      ]
    }
  ],
  "check_results": []
}
